<?xml version="1.0" encoding="utf-8"?>
<Project ToolsVersion="4.0" xmlns="http://schemas.microsoft.com/developer/msbuild/2003">
  <ItemGroup>
    <ClCompile Include="src\Global.cpp" />
    <ClCompile Include="src\Components\AttackFactory.cpp" />
    <ClCompile Include="src\Components\OldAttack.cpp" />
    <ClCompile Include="src\Components\Movement.cpp" />
    <ClCompile Include="src\Command\PlayerInvoker.cpp" />
    <ClCompile Include="src\Components\OldPlayer.cpp" />
    <ClCompile Include="src\BitmapImage.cpp" />
    <ClCompile Include="src\Levels\LevelManager.cpp" />
    <ClCompile Include="src\Components\Player.cpp" />
    <ClCompile Include="src\Command\MoveCommand.cpp" />
    <ClCompile Include="src\Platform.cpp" />
    <ClCompile Include="src\IGameEvent.cpp" />
    <ClCompile Include="src\CollisionEvent.cpp" />
    <ClCompile Include="src\Components\Collider.cpp" />
    <ClCompile Include="src\Components\Attack.cpp" />
    <ClCompile Include="src\Components\Animation.cpp" />
    <ClCompile Include="src\Components\SpriteRenderer.cpp" />
    <ClCompile Include="src\Component.cpp" />
    <ClCompile Include="src\GameObject.cpp" />
    <ClCompile Include="src\Asset.cpp" />
    <ClCompile Include="src\GameWorld.cpp" />
  </ItemGroup>
  <ItemGroup>
    <ClInclude Include="src\Headers\Global.h" />
    <ClInclude Include="src\Headers\Components\AttackFactory.h" />
    <ClInclude Include="src\Headers\Components\OldAttack.h" />
    <ClInclude Include="src\Headers\Components\Movement.h" />
    <ClInclude Include="src\Headers\Command\ICommand.h" />
    <ClInclude Include="src\Headers\Command\MoveCommand.h" />
    <ClInclude Include="src\Headers\Command\PlayerInvoker.h" />
    <ClInclude Include="src\Headers\Components\OldPlayer.h" />
    <ClInclude Include="src\Headers\BitmapImage.h" />
    <ClInclude Include="src\Headers\LevelManager.h" />
    <ClInclude Include="src\Headers\Components\Player.h" />
    <ClInclude Include="src\Headers\Platform.h" />
    <ClInclude Include="src\Headers\IGameEvent.h" />
    <ClInclude Include="src\Headers\CollisionEvent.h" />
    <ClInclude Include="src\Headers\Components\Collider.h" />
    <ClInclude Include="src\Headers\Components\Attack.h" />
    <ClInclude Include="src\Headers\Components\Animation.h" />
    <ClInclude Include="src\Enum\ObjectTag.h" />
    <ClInclude Include="src\Headers\Components\SpriteRenderer.h" />
    <ClInclude Include="src\Headers\Component.h" />
    <ClInclude Include="src\Enum\ComponentTag.h" />
    <ClInclude Include="src\Enum\TextureTag.h" />
    <ClInclude Include="src\Headers\GameObject.h" />
    <ClInclude Include="src\Headers\Asset.h" />
    <ClInclude Include="src\Headers\IListener.h" />
  </ItemGroup>
  <ItemGroup>
    <Image Include="Asset\AttackSheet2.png" />
    <Image Include="Asset\Bookcase.png" />
    <Image Include="Asset\WoodenFloor.png" />
    <Image Include="Asset\OzzySheet.png" />
    <Image Include="Asset\StoneWall.png" />
    <Image Include="Asset\VampireOzzyStill.png" />
    <Image Include="src\Levels\Level1-DecorationLayer.bmp" />
    <Image Include="src\Levels\Level1-ObjectLayer.bmp" />
    <Image Include="src\Levels\Test.bmp" />
    <Image Include="src\Levels\Test2.bmp" />
    <Image Include="Asset\FloorCarpet.png" />
    <Image Include="Asset\Crate.png" />
    <Image Include="Asset\DoorClosed.png" />
    <Image Include="Asset\DoorOpen.png" />
    <Image Include="Asset\healthUI.png" />
    <Image Include="Asset\Key.png" />
    <Image Include="Asset\NewVillagerDown.png" />
    <Image Include="Asset\TreasureChest.png" />
    <Image Include="Asset\VaseWhole.png" />
    <Image Include="Asset\Window.png" />
    <Image Include="Asset\Ghost.png" />
  </ItemGroup>
</Project>